
Microsoft Visual Studio Solution File, Format Version 11.00
# Visual Studio 2010
Project("{F184B08F-C81C-45F6-A57F-5ABD9991F28F}") = "Library Management System", "Library Management System\Library Management System.vbproj", "{61C37D59-CC4E-471C-A6B8-6E66492FFAC5}"
EndProject
Global
	GlobalSection(SolutionConfigurationPlatforms) = preSolution
		Debug|x86 = Debug|x86
		Release|x86 = Release|x86
	EndGlobalSection
	GlobalSection(ProjectConfigurationPlatforms) = postSolution
		{61C37D59-CC4E-471C-A6B8-6E66492FFAC5}.Debug|x86.ActiveCfg = Debug|x86
		{61C37D59-CC4E-471C-A6B8-6E66492FFAC5}.Debug|x86.Build.0 = Debug|x86
		{61C37D59-CC4E-471C-A6B8-6E66492FFAC5}.Release|x86.ActiveCfg = Release|x86
		{61C37D59-CC4E-471C-A6B8-6E66492FFAC5}.Release|x86.Build.0 = Release|x86
	EndGlobalSection
	GlobalSection(SolutionProperties) = preSolution
		HideSolutionNode = FALSE
	EndGlobalSection
EndGlobal
